
Microsoft Visual Studio Solution File, Format Version 12.00
# Visual Studio Version 17
VisualStudioVersion = 17.2.32630.192
MinimumVisualStudioVersion = 10.0.40219.1
Project("{FAE04EC0-301F-11D3-BF4B-00C04F79EFBC}") = "lc300", "lc300\lc300.csproj", "{0699AEBD-CEB5-4B00-9E05-91B2960A8C60}"
EndProject
Global
	GlobalSection(SolutionConfigurationPlatforms) = preSolution
		Debug|Any CPU = Debug|Any CPU
		Release|Any CPU = Release|Any CPU
	EndGlobalSection
	GlobalSection(ProjectConfigurationPlatforms) = postSolution
		{0699AEBD-CEB5-4B00-9E05-91B2960A8C60}.Debug|Any CPU.ActiveCfg = Debug|Any CPU
		{0699AEBD-CEB5-4B00-9E05-91B2960A8C60}.Debug|Any CPU.Build.0 = Debug|Any CPU
		{0699AEBD-CEB5-4B00-9E05-91B2960A8C60}.Release|Any CPU.ActiveCfg = Release|Any CPU
		{0699AEBD-CEB5-4B00-9E05-91B2960A8C60}.Release|Any CPU.Build.0 = Release|Any CPU
	EndGlobalSection
	GlobalSection(SolutionProperties) = preSolution
		HideSolutionNode = FALSE
	EndGlobalSection
	GlobalSection(ExtensibilityGlobals) = postSolution
		SolutionGuid = {7508F04B-E22F-47AB-BFD3-0D89B0059D51}
	EndGlobalSection
EndGlobal
